{
  "requires": true,
  "lockfileVersion": 1,
  "dependencies": {
    "@types/adal-angular": {
      "version": "1.0.1",
      "resolved": "https://registry.npmjs.org/@types/adal-angular/-/adal-angular-1.0.1.tgz",
      "integrity": "sha512-2sRGxJYrluhvIz8ae98i5k5woe9Fics4dMFHTcNfY2xAkj5QGZor+sfZzlgM58Fpw7Kklau9Gn6OhgJP25dKug=="
    },
    "azure-maps-control": {
      "version": "2.0.20",
      "resolved": "https://registry.npmjs.org/azure-maps-control/-/azure-maps-control-2.0.20.tgz",
      "integrity": "sha512-Dxt+sEJA3/xkmfS3o/GSzr3KSv/fJK/d7Ede1VrFm4kc93TEhpJXWC0vZRVszXwrH571p9KAAZe0IMYuXPQmiA==",
      "requires": {
        "@types/adal-angular": "^1.0.1"
      }
    }
  }
}
